
Microsoft Visual Studio Solution File, Format Version 12.00
# Visual Studio 15
VisualStudioVersion = 15.0.28307.1300
MinimumVisualStudioVersion = 10.0.40219.1
Project("{FAE04EC0-301F-11D3-BF4B-00C04F79EFBC}") = "decode", "decode\decode.csproj", "{8A263D65-69C6-4550-993E-4D5A0BF47091}"
EndProject
Global
	GlobalSection(SolutionConfigurationPlatforms) = preSolution
		Debug|Any CPU = Debug|Any CPU
		Release|Any CPU = Release|Any CPU
	EndGlobalSection
	GlobalSection(ProjectConfigurationPlatforms) = postSolution
		{8A263D65-69C6-4550-993E-4D5A0BF47091}.Debug|Any CPU.ActiveCfg = Debug|Any CPU
		{8A263D65-69C6-4550-993E-4D5A0BF47091}.Debug|Any CPU.Build.0 = Debug|Any CPU
		{8A263D65-69C6-4550-993E-4D5A0BF47091}.Release|Any CPU.ActiveCfg = Release|Any CPU
		{8A263D65-69C6-4550-993E-4D5A0BF47091}.Release|Any CPU.Build.0 = Release|Any CPU
	EndGlobalSection
	GlobalSection(SolutionProperties) = preSolution
		HideSolutionNode = FALSE
	EndGlobalSection
	GlobalSection(ExtensibilityGlobals) = postSolution
		SolutionGuid = {F3F5A051-5018-40DC-835E-C4F70AD7CD41}
	EndGlobalSection
EndGlobal
